
Microsoft Visual Studio Solution File, Format Version 12.00
# Visual Studio Version 17
VisualStudioVersion = 17.10.35013.160
MinimumVisualStudioVersion = 10.0.40219.1
Project("{FAE04EC0-301F-11D3-BF4B-00C04F79EFBC}") = "ChatUp.Web", "ChatUp.Web\ChatUp.Web.csproj", "{10881172-0BBD-40B0-9712-B289E7DF6B01}"
EndProject
Global
	GlobalSection(SolutionConfigurationPlatforms) = preSolution
		Debug|Any CPU = Debug|Any CPU
		Release|Any CPU = Release|Any CPU
	EndGlobalSection
	GlobalSection(ProjectConfigurationPlatforms) = postSolution
		{10881172-0BBD-40B0-9712-B289E7DF6B01}.Debug|Any CPU.ActiveCfg = Debug|Any CPU
		{10881172-0BBD-40B0-9712-B289E7DF6B01}.Debug|Any CPU.Build.0 = Debug|Any CPU
		{10881172-0BBD-40B0-9712-B289E7DF6B01}.Release|Any CPU.ActiveCfg = Release|Any CPU
		{10881172-0BBD-40B0-9712-B289E7DF6B01}.Release|Any CPU.Build.0 = Release|Any CPU
	EndGlobalSection
	GlobalSection(SolutionProperties) = preSolution
		HideSolutionNode = FALSE
	EndGlobalSection
	GlobalSection(ExtensibilityGlobals) = postSolution
		SolutionGuid = {85C4FE47-B42B-4A1A-BA76-4B00AA7C479E}
	EndGlobalSection
EndGlobal
